// !$*UTF8*$!
{
	archiveVersion = 1;
	classes = {
	};
	objectVersion = 55;
	objects = {

/* Begin PBXBuildFile section */
		425B3C99288AEC4B002DC984 /* ProgressHUD in Frameworks */ = {isa = PBXBuildFile; productRef = 425B3C98288AEC4B002DC984 /* ProgressHUD */; };
		429CDF49288C2F5900632145 /* APIResponse.swift in Sources */ = {isa = PBXBuildFile; fileRef = 429CDF2A288C2F5900632145 /* APIResponse.swift */; };
		429CDF4B288C2F5900632145 /* APIClient+Injection.swift in Sources */ = {isa = PBXBuildFile; fileRef = 429CDF2D288C2F5900632145 /* APIClient+Injection.swift */; };
		429CDF4C288C2F5900632145 /* RequestBuilder.swift in Sources */ = {isa = PBXBuildFile; fileRef = 429CDF2F288C2F5900632145 /* RequestBuilder.swift */; };
		429CDF4D288C2F5900632145 /* HTTPMethod.swift in Sources */ = {isa = PBXBuildFile; fileRef = 429CDF30288C2F5900632145 /* HTTPMethod.swift */; };
		429CDF4F288C2F5900632145 /* APIRequest.swift in Sources */ = {isa = PBXBuildFile; fileRef = 429CDF32288C2F5900632145 /* APIRequest.swift */; };
		429CDF50288C2F5900632145 /* APIConfiguration.swift in Sources */ = {isa = PBXBuildFile; fileRef = 429CDF34288C2F5900632145 /* APIConfiguration.swift */; };
		429CDF51288C2F5900632145 /* APIClient.swift in Sources */ = {isa = PBXBuildFile; fileRef = 429CDF35288C2F5900632145 /* APIClient.swift */; };
		429CDF52288C2F5900632145 /* LoadingState.swift in Sources */ = {isa = PBXBuildFile; fileRef = 429CDF37288C2F5900632145 /* LoadingState.swift */; };
		429CDF53288C2F5900632145 /* URL.swift in Sources */ = {isa = PBXBuildFile; fileRef = 429CDF3A288C2F5900632145 /* URL.swift */; };
		429CDF54288C2F5900632145 /* Codable.swift in Sources */ = {isa = PBXBuildFile; fileRef = 429CDF3B288C2F5900632145 /* Codable.swift */; };
		429CDF55288C2F5900632145 /* ProductService.swift in Sources */ = {isa = PBXBuildFile; fileRef = 429CDF3D288C2F5900632145 /* ProductService.swift */; };
		429CDF56288C2F5900632145 /* ProductsUseCase.swift in Sources */ = {isa = PBXBuildFile; fileRef = 429CDF3E288C2F5900632145 /* ProductsUseCase.swift */; };
		429CDF57288C2F5900632145 /* Domain+Injection.swift in Sources */ = {isa = PBXBuildFile; fileRef = 429CDF40288C2F5900632145 /* Domain+Injection.swift */; };
		429CDF58288C2F5900632145 /* AppError.swift in Sources */ = {isa = PBXBuildFile; fileRef = 429CDF43288C2F5900632145 /* AppError.swift */; };
		429CDF59288C2F5900632145 /* PaginatorResponse.swift in Sources */ = {isa = PBXBuildFile; fileRef = 429CDF44288C2F5900632145 /* PaginatorResponse.swift */; };
		429CDF5A288C2F5900632145 /* ProductServices.swift in Sources */ = {isa = PBXBuildFile; fileRef = 429CDF45288C2F5900632145 /* ProductServices.swift */; };
		429CDF5B288C2F5900632145 /* Services+Injection.swift in Sources */ = {isa = PBXBuildFile; fileRef = 429CDF47288C2F5900632145 /* Services+Injection.swift */; };
		429CDF5E288C2F7E00632145 /* Product.swift in Sources */ = {isa = PBXBuildFile; fileRef = 429CDF5D288C2F7E00632145 /* Product.swift */; };
		429CDF60288C2F9800632145 /* App+Injection.swift in Sources */ = {isa = PBXBuildFile; fileRef = 429CDF5F288C2F9800632145 /* App+Injection.swift */; };
		429CDF65288C2FBB00632145 /* ProductsListView.swift in Sources */ = {isa = PBXBuildFile; fileRef = 429CDF63288C2FBB00632145 /* ProductsListView.swift */; };
		429CDF66288C2FBB00632145 /* ProductsListViewModel.swift in Sources */ = {isa = PBXBuildFile; fileRef = 429CDF64288C2FBB00632145 /* ProductsListViewModel.swift */; };
		429CDF69288C2FCD00632145 /* ProductCard.swift in Sources */ = {isa = PBXBuildFile; fileRef = 429CDF68288C2FCD00632145 /* ProductCard.swift */; };
		429CDF6C288C2FDE00632145 /* HomeView.swift in Sources */ = {isa = PBXBuildFile; fileRef = 429CDF6B288C2FDE00632145 /* HomeView.swift */; };
		429CDF70288C508800632145 /* ProductDetailsView.swift in Sources */ = {isa = PBXBuildFile; fileRef = 429CDF6F288C508800632145 /* ProductDetailsView.swift */; };
		42BA3276288937A6009EA0AC /* EstartaTaskApp.swift in Sources */ = {isa = PBXBuildFile; fileRef = 42BA3275288937A6009EA0AC /* EstartaTaskApp.swift */; };
		42BA327A288937A8009EA0AC /* Assets.xcassets in Resources */ = {isa = PBXBuildFile; fileRef = 42BA3279288937A8009EA0AC /* Assets.xcassets */; };
		42BA327D288937A8009EA0AC /* Preview Assets.xcassets in Resources */ = {isa = PBXBuildFile; fileRef = 42BA327C288937A8009EA0AC /* Preview Assets.xcassets */; };
		42BA328528893D99009EA0AC /* Resolver in Frameworks */ = {isa = PBXBuildFile; productRef = 42BA328428893D99009EA0AC /* Resolver */; };
		42BA328828893E1D009EA0AC /* Alamofire in Frameworks */ = {isa = PBXBuildFile; productRef = 42BA328728893E1D009EA0AC /* Alamofire */; };
/* End PBXBuildFile section */

/* Begin PBXFileReference section */
		429CDF2A288C2F5900632145 /* APIResponse.swift */ = {isa = PBXFileReference; fileEncoding = 4; lastKnownFileType = sourcecode.swift; path = APIResponse.swift; sourceTree = "<group>"; };
		429CDF2D288C2F5900632145 /* APIClient+Injection.swift */ = {isa = PBXFileReference; fileEncoding = 4; lastKnownFileType = sourcecode.swift; path = "APIClient+Injection.swift"; sourceTree = "<group>"; };
		429CDF2F288C2F5900632145 /* RequestBuilder.swift */ = {isa = PBXFileReference; fileEncoding = 4; lastKnownFileType = sourcecode.swift; path = RequestBuilder.swift; sourceTree = "<group>"; };
		429CDF30288C2F5900632145 /* HTTPMethod.swift */ = {isa = PBXFileReference; fileEncoding = 4; lastKnownFileType = sourcecode.swift; path = HTTPMethod.swift; sourceTree = "<group>"; };
		429CDF32288C2F5900632145 /* APIRequest.swift */ = {isa = PBXFileReference; fileEncoding = 4; lastKnownFileType = sourcecode.swift; path = APIRequest.swift; sourceTree = "<group>"; };
		429CDF34288C2F5900632145 /* APIConfiguration.swift */ = {isa = PBXFileReference; fileEncoding = 4; lastKnownFileType = sourcecode.swift; path = APIConfiguration.swift; sourceTree = "<group>"; };
		429CDF35288C2F5900632145 /* APIClient.swift */ = {isa = PBXFileReference; fileEncoding = 4; lastKnownFileType = sourcecode.swift; path = APIClient.swift; sourceTree = "<group>"; };
		429CDF37288C2F5900632145 /* LoadingState.swift */ = {isa = PBXFileReference; fileEncoding = 4; lastKnownFileType = sourcecode.swift; path = LoadingState.swift; sourceTree = "<group>"; };
		429CDF3A288C2F5900632145 /* URL.swift */ = {isa = PBXFileReference; fileEncoding = 4; lastKnownFileType = sourcecode.swift; path = URL.swift; sourceTree = "<group>"; };
		429CDF3B288C2F5900632145 /* Codable.swift */ = {isa = PBXFileReference; fileEncoding = 4; lastKnownFileType = sourcecode.swift; path = Codable.swift; sourceTree = "<group>"; };
		429CDF3D288C2F5900632145 /* ProductService.swift */ = {isa = PBXFileReference; fileEncoding = 4; lastKnownFileType = sourcecode.swift; path = ProductService.swift; sourceTree = "<group>"; };
		429CDF3E288C2F5900632145 /* ProductsUseCase.swift */ = {isa = PBXFileReference; fileEncoding = 4; lastKnownFileType = sourcecode.swift; path = ProductsUseCase.swift; sourceTree = "<group>"; };
		429CDF40288C2F5900632145 /* Domain+Injection.swift */ = {isa = PBXFileReference; fileEncoding = 4; lastKnownFileType = sourcecode.swift; path = "Domain+Injection.swift"; sourceTree = "<group>"; };
		429CDF43288C2F5900632145 /* AppError.swift */ = {isa = PBXFileReference; fileEncoding = 4; lastKnownFileType = sourcecode.swift; path = AppError.swift; sourceTree = "<group>"; };
		429CDF44288C2F5900632145 /* PaginatorResponse.swift */ = {isa = PBXFileReference; fileEncoding = 4; lastKnownFileType = sourcecode.swift; path = PaginatorResponse.swift; sourceTree = "<group>"; };
		429CDF45288C2F5900632145 /* ProductServices.swift */ = {isa = PBXFileReference; fileEncoding = 4; lastKnownFileType = sourcecode.swift; path = ProductServices.swift; sourceTree = "<group>"; };
		429CDF47288C2F5900632145 /* Services+Injection.swift */ = {isa = PBXFileReference; fileEncoding = 4; lastKnownFileType = sourcecode.swift; path = "Services+Injection.swift"; sourceTree = "<group>"; };
		429CDF5D288C2F7E00632145 /* Product.swift */ = {isa = PBXFileReference; fileEncoding = 4; lastKnownFileType = sourcecode.swift; path = Product.swift; sourceTree = "<group>"; };
		429CDF5F288C2F9800632145 /* App+Injection.swift */ = {isa = PBXFileReference; fileEncoding = 4; lastKnownFileType = sourcecode.swift; path = "App+Injection.swift"; sourceTree = "<group>"; };
		429CDF63288C2FBB00632145 /* ProductsListView.swift */ = {isa = PBXFileReference; fileEncoding = 4; lastKnownFileType = sourcecode.swift; path = ProductsListView.swift; sourceTree = "<group>"; };
		429CDF64288C2FBB00632145 /* ProductsListViewModel.swift */ = {isa = PBXFileReference; fileEncoding = 4; lastKnownFileType = sourcecode.swift; path = ProductsListViewModel.swift; sourceTree = "<group>"; };
		429CDF68288C2FCD00632145 /* ProductCard.swift */ = {isa = PBXFileReference; fileEncoding = 4; lastKnownFileType = sourcecode.swift; path = ProductCard.swift; sourceTree = "<group>"; };
		429CDF6B288C2FDE00632145 /* HomeView.swift */ = {isa = PBXFileReference; fileEncoding = 4; lastKnownFileType = sourcecode.swift; path = HomeView.swift; sourceTree = "<group>"; };
		429CDF6F288C508800632145 /* ProductDetailsView.swift */ = {isa = PBXFileReference; lastKnownFileType = sourcecode.swift; path = ProductDetailsView.swift; sourceTree = "<group>"; };
		42BA3272288937A6009EA0AC /* EstartaTask.app */ = {isa = PBXFileReference; explicitFileType = wrapper.application; includeInIndex = 0; path = EstartaTask.app; sourceTree = BUILT_PRODUCTS_DIR; };
		42BA3275288937A6009EA0AC /* EstartaTaskApp.swift */ = {isa = PBXFileReference; lastKnownFileType = sourcecode.swift; path = EstartaTaskApp.swift; sourceTree = "<group>"; };
		42BA3279288937A8009EA0AC /* Assets.xcassets */ = {isa = PBXFileReference; lastKnownFileType = folder.assetcatalog; path = Assets.xcassets; sourceTree = "<group>"; };
		42BA327C288937A8009EA0AC /* Preview Assets.xcassets */ = {isa = PBXFileReference; lastKnownFileType = folder.assetcatalog; path = "Preview Assets.xcassets"; sourceTree = "<group>"; };
/* End PBXFileReference section */

/* Begin PBXFrameworksBuildPhase section */
		42BA326F288937A6009EA0AC /* Frameworks */ = {
			isa = PBXFrameworksBuildPhase;
			buildActionMask = 2147483647;
			files = (
				425B3C99288AEC4B002DC984 /* ProgressHUD in Frameworks */,
				42BA328528893D99009EA0AC /* Resolver in Frameworks */,
				42BA328828893E1D009EA0AC /* Alamofire in Frameworks */,
			);
			runOnlyForDeploymentPostprocessing = 0;
		};
/* End PBXFrameworksBuildPhase section */

/* Begin PBXGroup section */
		429CDF25288C2F5900632145 /* Sources */ = {
			isa = PBXGroup;
			children = (
				429CDF28288C2F5900632145 /* APIClient */,
				429CDF36288C2F5900632145 /* Utilities */,
				429CDF3C288C2F5900632145 /* Domain */,
				429CDF41288C2F5900632145 /* Services */,
			);
			path = Sources;
			sourceTree = "<group>";
		};
		429CDF28288C2F5900632145 /* APIClient */ = {
			isa = PBXGroup;
			children = (
				429CDF29288C2F5900632145 /* Response */,
				429CDF2C288C2F5900632145 /* DIContainer */,
				429CDF2E288C2F5900632145 /* Request */,
				429CDF33288C2F5900632145 /* Client */,
			);
			path = APIClient;
			sourceTree = "<group>";
		};
		429CDF29288C2F5900632145 /* Response */ = {
			isa = PBXGroup;
			children = (
				429CDF2A288C2F5900632145 /* APIResponse.swift */,
			);
			path = Response;
			sourceTree = "<group>";
		};
		429CDF2C288C2F5900632145 /* DIContainer */ = {
			isa = PBXGroup;
			children = (
				429CDF2D288C2F5900632145 /* APIClient+Injection.swift */,
			);
			path = DIContainer;
			sourceTree = "<group>";
		};
		429CDF2E288C2F5900632145 /* Request */ = {
			isa = PBXGroup;
			children = (
				429CDF2F288C2F5900632145 /* RequestBuilder.swift */,
				429CDF30288C2F5900632145 /* HTTPMethod.swift */,
				429CDF32288C2F5900632145 /* APIRequest.swift */,
			);
			path = Request;
			sourceTree = "<group>";
		};
		429CDF33288C2F5900632145 /* Client */ = {
			isa = PBXGroup;
			children = (
				429CDF34288C2F5900632145 /* APIConfiguration.swift */,
				429CDF35288C2F5900632145 /* APIClient.swift */,
			);
			path = Client;
			sourceTree = "<group>";
		};
		429CDF36288C2F5900632145 /* Utilities */ = {
			isa = PBXGroup;
			children = (
				429CDF37288C2F5900632145 /* LoadingState.swift */,
				429CDF38288C2F5900632145 /* Extensions */,
			);
			path = Utilities;
			sourceTree = "<group>";
		};
		429CDF38288C2F5900632145 /* Extensions */ = {
			isa = PBXGroup;
			children = (
				429CDF39288C2F5900632145 /* Foundation */,
				429CDF3B288C2F5900632145 /* Codable.swift */,
			);
			path = Extensions;
			sourceTree = "<group>";
		};
		429CDF39288C2F5900632145 /* Foundation */ = {
			isa = PBXGroup;
			children = (
				429CDF3A288C2F5900632145 /* URL.swift */,
			);
			path = Foundation;
			sourceTree = "<group>";
		};
		429CDF3C288C2F5900632145 /* Domain */ = {
			isa = PBXGroup;
			children = (
				429CDF5C288C2F7E00632145 /* Models */,
				429CDF3D288C2F5900632145 /* ProductService.swift */,
				429CDF3E288C2F5900632145 /* ProductsUseCase.swift */,
				429CDF3F288C2F5900632145 /* DIContainer */,
			);
			path = Domain;
			sourceTree = "<group>";
		};
		429CDF3F288C2F5900632145 /* DIContainer */ = {
			isa = PBXGroup;
			children = (
				429CDF40288C2F5900632145 /* Domain+Injection.swift */,
			);
			path = DIContainer;
			sourceTree = "<group>";
		};
		429CDF41288C2F5900632145 /* Services */ = {
			isa = PBXGroup;
			children = (
				429CDF42288C2F5900632145 /* Common */,
				429CDF45288C2F5900632145 /* ProductServices.swift */,
				429CDF46288C2F5900632145 /* DIContainer */,
			);
			path = Services;
			sourceTree = "<group>";
		};
		429CDF42288C2F5900632145 /* Common */ = {
			isa = PBXGroup;
			children = (
				429CDF43288C2F5900632145 /* AppError.swift */,
				429CDF44288C2F5900632145 /* PaginatorResponse.swift */,
			);
			path = Common;
			sourceTree = "<group>";
		};
		429CDF46288C2F5900632145 /* DIContainer */ = {
			isa = PBXGroup;
			children = (
				429CDF47288C2F5900632145 /* Services+Injection.swift */,
			);
			path = DIContainer;
			sourceTree = "<group>";
		};
		429CDF5C288C2F7E00632145 /* Models */ = {
			isa = PBXGroup;
			children = (
				429CDF5D288C2F7E00632145 /* Product.swift */,
			);
			path = Models;
			sourceTree = "<group>";
		};
		429CDF61288C2FA400632145 /* Flow */ = {
			isa = PBXGroup;
			children = (
				429CDF6A288C2FD500632145 /* Home */,
				429CDF62288C2FAC00632145 /* ProductsList */,
			);
			path = Flow;
			sourceTree = "<group>";
		};
		429CDF62288C2FAC00632145 /* ProductsList */ = {
			isa = PBXGroup;
			children = (
				429CDF6E288C506C00632145 /* ProductDetails */,
				429CDF67288C2FC400632145 /* Cells */,
				429CDF63288C2FBB00632145 /* ProductsListView.swift */,
				429CDF64288C2FBB00632145 /* ProductsListViewModel.swift */,
			);
			path = ProductsList;
			sourceTree = "<group>";
		};
		429CDF67288C2FC400632145 /* Cells */ = {
			isa = PBXGroup;
			children = (
				429CDF68288C2FCD00632145 /* ProductCard.swift */,
			);
			path = Cells;
			sourceTree = "<group>";
		};
		429CDF6A288C2FD500632145 /* Home */ = {
			isa = PBXGroup;
			children = (
				429CDF6B288C2FDE00632145 /* HomeView.swift */,
			);
			path = Home;
			sourceTree = "<group>";
		};
		429CDF6D288C306B00632145 /* Application */ = {
			isa = PBXGroup;
			children = (
				42BA3275288937A6009EA0AC /* EstartaTaskApp.swift */,
				429CDF5F288C2F9800632145 /* App+Injection.swift */,
			);
			path = Application;
			sourceTree = "<group>";
		};
		429CDF6E288C506C00632145 /* ProductDetails */ = {
			isa = PBXGroup;
			children = (
				429CDF6F288C508800632145 /* ProductDetailsView.swift */,
			);
			path = ProductDetails;
			sourceTree = "<group>";
		};
		42BA3269288937A6009EA0AC = {
			isa = PBXGroup;
			children = (
				42BA3274288937A6009EA0AC /* EstartaTask */,
				42BA3273288937A6009EA0AC /* Products */,
			);
			sourceTree = "<group>";
		};
		42BA3273288937A6009EA0AC /* Products */ = {
			isa = PBXGroup;
			children = (
				42BA3272288937A6009EA0AC /* EstartaTask.app */,
			);
			name = Products;
			sourceTree = "<group>";
		};
		42BA3274288937A6009EA0AC /* EstartaTask */ = {
			isa = PBXGroup;
			children = (
				429CDF6D288C306B00632145 /* Application */,
				429CDF25288C2F5900632145 /* Sources */,
				429CDF61288C2FA400632145 /* Flow */,
				42BA3279288937A8009EA0AC /* Assets.xcassets */,
				42BA327B288937A8009EA0AC /* Preview Content */,
			);
			path = EstartaTask;
			sourceTree = "<group>";
		};
		42BA327B288937A8009EA0AC /* Preview Content */ = {
			isa = PBXGroup;
			children = (
				42BA327C288937A8009EA0AC /* Preview Assets.xcassets */,
			);
			path = "Preview Content";
			sourceTree = "<group>";
		};
/* End PBXGroup section */

/* Begin PBXNativeTarget section */
		42BA3271288937A6009EA0AC /* EstartaTask */ = {
			isa = PBXNativeTarget;
			buildConfigurationList = 42BA3280288937A8009EA0AC /* Build configuration list for PBXNativeTarget "EstartaTask" */;
			buildPhases = (
				42BA326E288937A6009EA0AC /* Sources */,
				42BA326F288937A6009EA0AC /* Frameworks */,
				42BA3270288937A6009EA0AC /* Resources */,
			);
			buildRules = (
			);
			dependencies = (
			);
			name = EstartaTask;
			packageProductDependencies = (
				42BA328428893D99009EA0AC /* Resolver */,
				42BA328728893E1D009EA0AC /* Alamofire */,
				425B3C98288AEC4B002DC984 /* ProgressHUD */,
			);
			productName = EstartaTask;
			productReference = 42BA3272288937A6009EA0AC /* EstartaTask.app */;
			productType = "com.apple.product-type.application";
		};
/* End PBXNativeTarget section */

/* Begin PBXProject section */
		42BA326A288937A6009EA0AC /* Project object */ = {
			isa = PBXProject;
			attributes = {
				BuildIndependentTargetsInParallel = 1;
				LastSwiftUpdateCheck = 1340;
				LastUpgradeCheck = 1340;
				TargetAttributes = {
					42BA3271288937A6009EA0AC = {
						CreatedOnToolsVersion = 13.4;
					};
				};
			};
			buildConfigurationList = 42BA326D288937A6009EA0AC /* Build configuration list for PBXProject "EstartaTask" */;
			compatibilityVersion = "Xcode 13.0";
			developmentRegion = en;
			hasScannedForEncodings = 0;
			knownRegions = (
				en,
				Base,
			);
			mainGroup = 42BA3269288937A6009EA0AC;
			packageReferences = (
				42BA328328893D99009EA0AC /* XCRemoteSwiftPackageReference "Resolver" */,
				42BA328628893E1D009EA0AC /* XCRemoteSwiftPackageReference "Alamofire" */,
				425B3C97288AEC4B002DC984 /* XCRemoteSwiftPackageReference "ProgressHUD" */,
			);
			productRefGroup = 42BA3273288937A6009EA0AC /* Products */;
			projectDirPath = "";
			projectRoot = "";
			targets = (
				42BA3271288937A6009EA0AC /* EstartaTask */,
			);
		};
/* End PBXProject section */

/* Begin PBXResourcesBuildPhase section */
		42BA3270288937A6009EA0AC /* Resources */ = {
			isa = PBXResourcesBuildPhase;
			buildActionMask = 2147483647;
			files = (
				42BA327D288937A8009EA0AC /* Preview Assets.xcassets in Resources */,
				42BA327A288937A8009EA0AC /* Assets.xcassets in Resources */,
			);
			runOnlyForDeploymentPostprocessing = 0;
		};
/* End PBXResourcesBuildPhase section */

/* Begin PBXSourcesBuildPhase section */
		42BA326E288937A6009EA0AC /* Sources */ = {
			isa = PBXSourcesBuildPhase;
			buildActionMask = 2147483647;
			files = (
				429CDF6C288C2FDE00632145 /* HomeView.swift in Sources */,
				429CDF55288C2F5900632145 /* ProductService.swift in Sources */,
				429CDF58288C2F5900632145 /* AppError.swift in Sources */,
				429CDF4C288C2F5900632145 /* RequestBuilder.swift in Sources */,
				429CDF65288C2FBB00632145 /* ProductsListView.swift in Sources */,
				429CDF53288C2F5900632145 /* URL.swift in Sources */,
				429CDF49288C2F5900632145 /* APIResponse.swift in Sources */,
				429CDF66288C2FBB00632145 /* ProductsListViewModel.swift in Sources */,
				429CDF52288C2F5900632145 /* LoadingState.swift in Sources */,
				429CDF4D288C2F5900632145 /* HTTPMethod.swift in Sources */,
				429CDF69288C2FCD00632145 /* ProductCard.swift in Sources */,
				429CDF54288C2F5900632145 /* Codable.swift in Sources */,
				429CDF4B288C2F5900632145 /* APIClient+Injection.swift in Sources */,
				429CDF5E288C2F7E00632145 /* Product.swift in Sources */,
				429CDF60288C2F9800632145 /* App+Injection.swift in Sources */,
				429CDF57288C2F5900632145 /* Domain+Injection.swift in Sources */,
				429CDF50288C2F5900632145 /* APIConfiguration.swift in Sources */,
				429CDF59288C2F5900632145 /* PaginatorResponse.swift in Sources */,
				429CDF4F288C2F5900632145 /* APIRequest.swift in Sources */,
				429CDF5B288C2F5900632145 /* Services+Injection.swift in Sources */,
				429CDF5A288C2F5900632145 /* ProductServices.swift in Sources */,
				42BA3276288937A6009EA0AC /* EstartaTaskApp.swift in Sources */,
				429CDF70288C508800632145 /* ProductDetailsView.swift in Sources */,
				429CDF51288C2F5900632145 /* APIClient.swift in Sources */,
				429CDF56288C2F5900632145 /* ProductsUseCase.swift in Sources */,
			);
			runOnlyForDeploymentPostprocessing = 0;
		};
/* End PBXSourcesBuildPhase section */

/* Begin XCBuildConfiguration section */
		42BA327E288937A8009EA0AC /* Debug */ = {
			isa = XCBuildConfiguration;
			buildSettings = {
				ALWAYS_SEARCH_USER_PATHS = NO;
				CLANG_ANALYZER_NONNULL = YES;
				CLANG_ANALYZER_NUMBER_OBJECT_CONVERSION = YES_AGGRESSIVE;
				CLANG_CXX_LANGUAGE_STANDARD = "gnu++17";
				CLANG_ENABLE_MODULES = YES;
				CLANG_ENABLE_OBJC_ARC = YES;
				CLANG_ENABLE_OBJC_WEAK = YES;
				CLANG_WARN_BLOCK_CAPTURE_AUTORELEASING = YES;
				CLANG_WARN_BOOL_CONVERSION = YES;
				CLANG_WARN_COMMA = YES;
				CLANG_WARN_CONSTANT_CONVERSION = YES;
				CLANG_WARN_DEPRECATED_OBJC_IMPLEMENTATIONS = YES;
				CLANG_WARN_DIRECT_OBJC_ISA_USAGE = YES_ERROR;
				CLANG_WARN_DOCUMENTATION_COMMENTS = YES;
				CLANG_WARN_EMPTY_BODY = YES;
				CLANG_WARN_ENUM_CONVERSION = YES;
				CLANG_WARN_INFINITE_RECURSION = YES;
				CLANG_WARN_INT_CONVERSION = YES;
				CLANG_WARN_NON_LITERAL_NULL_CONVERSION = YES;
				CLANG_WARN_OBJC_IMPLICIT_RETAIN_SELF = YES;
				CLANG_WARN_OBJC_LITERAL_CONVERSION = YES;
				CLANG_WARN_OBJC_ROOT_CLASS = YES_ERROR;
				CLANG_WARN_QUOTED_INCLUDE_IN_FRAMEWORK_HEADER = YES;
				CLANG_WARN_RANGE_LOOP_ANALYSIS = YES;
				CLANG_WARN_STRICT_PROTOTYPES = YES;
				CLANG_WARN_SUSPICIOUS_MOVE = YES;
				CLANG_WARN_UNGUARDED_AVAILABILITY = YES_AGGRESSIVE;
				CLANG_WARN_UNREACHABLE_CODE = YES;
				CLANG_WARN__DUPLICATE_METHOD_MATCH = YES;
				COPY_PHASE_STRIP = NO;
				DEBUG_INFORMATION_FORMAT = dwarf;
				ENABLE_STRICT_OBJC_MSGSEND = YES;
				ENABLE_TESTABILITY = YES;
				GCC_C_LANGUAGE_STANDARD = gnu11;
				GCC_DYNAMIC_NO_PIC = NO;
				GCC_NO_COMMON_BLOCKS = YES;
				GCC_OPTIMIZATION_LEVEL = 0;
				GCC_PREPROCESSOR_DEFINITIONS = (
					"DEBUG=1",
					"$(inherited)",
				);
				GCC_WARN_64_TO_32_BIT_CONVERSION = YES;
				GCC_WARN_ABOUT_RETURN_TYPE = YES_ERROR;
				GCC_WARN_UNDECLARED_SELECTOR = YES;
				GCC_WARN_UNINITIALIZED_AUTOS = YES_AGGRESSIVE;
				GCC_WARN_UNUSED_FUNCTION = YES;
				GCC_WARN_UNUSED_VARIABLE = YES;
				IPHONEOS_DEPLOYMENT_TARGET = 15.5;
				MTL_ENABLE_DEBUG_INFO = INCLUDE_SOURCE;
				MTL_FAST_MATH = YES;
				ONLY_ACTIVE_ARCH = YES;
				SDKROOT = iphoneos;
				SWIFT_ACTIVE_COMPILATION_CONDITIONS = DEBUG;
				SWIFT_OPTIMIZATION_LEVEL = "-Onone";
			};
			name = Debug;
		};
		42BA327F288937A8009EA0AC /* Release */ = {
			isa = XCBuildConfiguration;
			buildSettings = {
				ALWAYS_SEARCH_USER_PATHS = NO;
				CLANG_ANALYZER_NONNULL = YES;
				CLANG_ANALYZER_NUMBER_OBJECT_CONVERSION = YES_AGGRESSIVE;
				CLANG_CXX_LANGUAGE_STANDARD = "gnu++17";
				CLANG_ENABLE_MODULES = YES;
				CLANG_ENABLE_OBJC_ARC = YES;
				CLANG_ENABLE_OBJC_WEAK = YES;
				CLANG_WARN_BLOCK_CAPTURE_AUTORELEASING = YES;
				CLANG_WARN_BOOL_CONVERSION = YES;
				CLANG_WARN_COMMA = YES;
				CLANG_WARN_CONSTANT_CONVERSION = YES;
				CLANG_WARN_DEPRECATED_OBJC_IMPLEMENTATIONS = YES;
				CLANG_WARN_DIRECT_OBJC_ISA_USAGE = YES_ERROR;
				CLANG_WARN_DOCUMENTATION_COMMENTS = YES;
				CLANG_WARN_EMPTY_BODY = YES;
				CLANG_WARN_ENUM_CONVERSION = YES;
				CLANG_WARN_INFINITE_RECURSION = YES;
				CLANG_WARN_INT_CONVERSION = YES;
				CLANG_WARN_NON_LITERAL_NULL_CONVERSION = YES;
				CLANG_WARN_OBJC_IMPLICIT_RETAIN_SELF = YES;
				CLANG_WARN_OBJC_LITERAL_CONVERSION = YES;
				CLANG_WARN_OBJC_ROOT_CLASS = YES_ERROR;
				CLANG_WARN_QUOTED_INCLUDE_IN_FRAMEWORK_HEADER = YES;
				CLANG_WARN_RANGE_LOOP_ANALYSIS = YES;
				CLANG_WARN_STRICT_PROTOTYPES = YES;
				CLANG_WARN_SUSPICIOUS_MOVE = YES;
				CLANG_WARN_UNGUARDED_AVAILABILITY = YES_AGGRESSIVE;
				CLANG_WARN_UNREACHABLE_CODE = YES;
				CLANG_WARN__DUPLICATE_METHOD_MATCH = YES;
				COPY_PHASE_STRIP = NO;
				DEBUG_INFORMATION_FORMAT = "dwarf-with-dsym";
				ENABLE_NS_ASSERTIONS = NO;
				ENABLE_STRICT_OBJC_MSGSEND = YES;
				GCC_C_LANGUAGE_STANDARD = gnu11;
				GCC_NO_COMMON_BLOCKS = YES;
				GCC_WARN_64_TO_32_BIT_CONVERSION = YES;
				GCC_WARN_ABOUT_RETURN_TYPE = YES_ERROR;
				GCC_WARN_UNDECLARED_SELECTOR = YES;
				GCC_WARN_UNINITIALIZED_AUTOS = YES_AGGRESSIVE;
				GCC_WARN_UNUSED_FUNCTION = YES;
				GCC_WARN_UNUSED_VARIABLE = YES;
				IPHONEOS_DEPLOYMENT_TARGET = 15.5;
				MTL_ENABLE_DEBUG_INFO = NO;
				MTL_FAST_MATH = YES;
				SDKROOT = iphoneos;
				SWIFT_COMPILATION_MODE = wholemodule;
				SWIFT_OPTIMIZATION_LEVEL = "-O";
				VALIDATE_PRODUCT = YES;
			};
			name = Release;
		};
		42BA3281288937A8009EA0AC /* Debug */ = {
			isa = XCBuildConfiguration;
			buildSettings = {
				ASSETCATALOG_COMPILER_APPICON_NAME = AppIcon;
				ASSETCATALOG_COMPILER_GLOBAL_ACCENT_COLOR_NAME = AccentColor;
				CODE_SIGN_STYLE = Automatic;
				CURRENT_PROJECT_VERSION = 1;
				DEVELOPMENT_ASSET_PATHS = "\"EstartaTask/Preview Content\"";
				DEVELOPMENT_TEAM = HM4RQM6B9C;
				ENABLE_PREVIEWS = YES;
				GENERATE_INFOPLIST_FILE = YES;
				INFOPLIST_KEY_UIApplicationSceneManifest_Generation = YES;
				INFOPLIST_KEY_UIApplicationSupportsIndirectInputEvents = YES;
				INFOPLIST_KEY_UILaunchScreen_Generation = YES;
				INFOPLIST_KEY_UISupportedInterfaceOrientations_iPad = "UIInterfaceOrientationPortrait UIInterfaceOrientationPortraitUpsideDown UIInterfaceOrientationLandscapeLeft UIInterfaceOrientationLandscapeRight";
				INFOPLIST_KEY_UISupportedInterfaceOrientations_iPhone = "UIInterfaceOrientationPortrait UIInterfaceOrientationLandscapeLeft UIInterfaceOrientationLandscapeRight";
				LD_RUNPATH_SEARCH_PATHS = (
					"$(inherited)",
					"@executable_path/Frameworks",
				);
				MARKETING_VERSION = 1.0;
				PRODUCT_BUNDLE_IDENTIFIER = com.EstartaTask;
				PRODUCT_NAME = "$(TARGET_NAME)";
				SWIFT_EMIT_LOC_STRINGS = YES;
				SWIFT_VERSION = 5.0;
				TARGETED_DEVICE_FAMILY = "1,2";
			};
			name = Debug;
		};
		42BA3282288937A8009EA0AC /* Release */ = {
			isa = XCBuildConfiguration;
			buildSettings = {
				ASSETCATALOG_COMPILER_APPICON_NAME = AppIcon;
				ASSETCATALOG_COMPILER_GLOBAL_ACCENT_COLOR_NAME = AccentColor;
				CODE_SIGN_STYLE = Automatic;
				CURRENT_PROJECT_VERSION = 1;
				DEVELOPMENT_ASSET_PATHS = "\"EstartaTask/Preview Content\"";
				DEVELOPMENT_TEAM = HM4RQM6B9C;
				ENABLE_PREVIEWS = YES;
				GENERATE_INFOPLIST_FILE = YES;
				INFOPLIST_KEY_UIApplicationSceneManifest_Generation = YES;
				INFOPLIST_KEY_UIApplicationSupportsIndirectInputEvents = YES;
				INFOPLIST_KEY_UILaunchScreen_Generation = YES;
				INFOPLIST_KEY_UISupportedInterfaceOrientations_iPad = "UIInterfaceOrientationPortrait UIInterfaceOrientationPortraitUpsideDown UIInterfaceOrientationLandscapeLeft UIInterfaceOrientationLandscapeRight";
				INFOPLIST_KEY_UISupportedInterfaceOrientations_iPhone = "UIInterfaceOrientationPortrait UIInterfaceOrientationLandscapeLeft UIInterfaceOrientationLandscapeRight";
				LD_RUNPATH_SEARCH_PATHS = (
					"$(inherited)",
					"@executable_path/Frameworks",
				);
				MARKETING_VERSION = 1.0;
				PRODUCT_BUNDLE_IDENTIFIER = com.EstartaTask;
				PRODUCT_NAME = "$(TARGET_NAME)";
				SWIFT_EMIT_LOC_STRINGS = YES;
				SWIFT_VERSION = 5.0;
				TARGETED_DEVICE_FAMILY = "1,2";
			};
			name = Release;
		};
/* End XCBuildConfiguration section */

/* Begin XCConfigurationList section */
		42BA326D288937A6009EA0AC /* Build configuration list for PBXProject "EstartaTask" */ = {
			isa = XCConfigurationList;
			buildConfigurations = (
				42BA327E288937A8009EA0AC /* Debug */,
				42BA327F288937A8009EA0AC /* Release */,
			);
			defaultConfigurationIsVisible = 0;
			defaultConfigurationName = Release;
		};
		42BA3280288937A8009EA0AC /* Build configuration list for PBXNativeTarget "EstartaTask" */ = {
			isa = XCConfigurationList;
			buildConfigurations = (
				42BA3281288937A8009EA0AC /* Debug */,
				42BA3282288937A8009EA0AC /* Release */,
			);
			defaultConfigurationIsVisible = 0;
			defaultConfigurationName = Release;
		};
/* End XCConfigurationList section */

/* Begin XCRemoteSwiftPackageReference section */
		425B3C97288AEC4B002DC984 /* XCRemoteSwiftPackageReference "ProgressHUD" */ = {
			isa = XCRemoteSwiftPackageReference;
			repositoryURL = "https://github.com/relatedcode/ProgressHUD";
			requirement = {
				kind = exactVersion;
				version = 13.6.1;
			};
		};
		42BA328328893D99009EA0AC /* XCRemoteSwiftPackageReference "Resolver" */ = {
			isa = XCRemoteSwiftPackageReference;
			repositoryURL = "https://github.com/hmlongco/Resolver.git";
			requirement = {
				kind = upToNextMajorVersion;
				minimumVersion = 1.0.0;
			};
		};
		42BA328628893E1D009EA0AC /* XCRemoteSwiftPackageReference "Alamofire" */ = {
			isa = XCRemoteSwiftPackageReference;
			repositoryURL = "https://github.com/Alamofire/Alamofire";
			requirement = {
				kind = upToNextMajorVersion;
				minimumVersion = 5.0.0;
			};
		};
/* End XCRemoteSwiftPackageReference section */

/* Begin XCSwiftPackageProductDependency section */
		425B3C98288AEC4B002DC984 /* ProgressHUD */ = {
			isa = XCSwiftPackageProductDependency;
			package = 425B3C97288AEC4B002DC984 /* XCRemoteSwiftPackageReference "ProgressHUD" */;
			productName = ProgressHUD;
		};
		42BA328428893D99009EA0AC /* Resolver */ = {
			isa = XCSwiftPackageProductDependency;
			package = 42BA328328893D99009EA0AC /* XCRemoteSwiftPackageReference "Resolver" */;
			productName = Resolver;
		};
		42BA328728893E1D009EA0AC /* Alamofire */ = {
			isa = XCSwiftPackageProductDependency;
			package = 42BA328628893E1D009EA0AC /* XCRemoteSwiftPackageReference "Alamofire" */;
			productName = Alamofire;
		};
/* End XCSwiftPackageProductDependency section */
	};
	rootObject = 42BA326A288937A6009EA0AC /* Project object */;
}
